github.com/Arkiv-Network/arkiv-events v0.0.4 h1:8WWhhVMHIkBIn1fAst/qH4Sl3KBVvrErQkkZ2Rd6gk4=
github.com/Arkiv-Network/arkiv-events v0.0.4/go.mod h1:LaYW4FqA95Rhp/SKTAF8+FEK7cazJDRBXPXl7I90NRc=
github.com/Arkiv-Network/sqlite-bitmap-store v0.0.2 h1:/0sp8HoUDya2p8h4U1sWQw8Eqiwm0ANS2Z/JG7wgcPU=
github.com/Arkiv-Network/sqlite-bitmap-store v0.0.2/go.mod h1:k8R2CIbs2hPm6mpZX8Kxf0ytaoHMXnXgPYn467oG5kI=
github.com/Arkiv-Network/sqlite-bitmap-store v0.0.5 h1:xZh9Ni5RXQcWPa0jCXyGt6jwDH/A2Fw15KvlsSVJB9Q=
github.com/Arkiv-Network/sqlite-bitmap-store v0.0.5/go.mod h1:P4vElNNh/nAnzoyMK+icUhT9LtrJp34PivG1JqXBmUM=
github.com/Arkiv-Network/sqlite-bitmap-store v0.0.10 h1:jMx2OAPfMRjjmKAQqEni2zEqMa3aWwsovXy9urz4r8Q=
github.com/Arkiv-Network/sqlite-bitmap-store v0.0.10/go.mod h1:P4vElNNh/nAnzoyMK+icUhT9LtrJp34PivG1JqXBmUM=
github.com/RoaringBitmap/roaring/v2 v2.14.4 h1:4aKySrrg9G/5oRtJ3TrZLObVqxgQ9f1znCRBwEwjuVw=
github.com/RoaringBitmap/roaring/v2 v2.14.4/go.mod h1:oMvV6omPWr+2ifRdeZvVJyaz+aoEUopyv5iH0u/+wbY=
github.com/alecthomas/participle/v2 v2.1.4 h1:W/H79S8Sat/krZ3el6sQMvMaahJ+XcM9WSI2naI7w2U=
github.com/alecthomas/participle/v2 v2.1.4/go.mod h1:8tqVbpTX20Ru4NfYQgZf4mP18eXPTBViyMWiArNEgGI=
github.com/bits-and-blooms/bitset v1.24.2 h1:M7/NzVbsytmtfHbumG+K2bremQPMJuqv1JD3vOaFxp0=
github.com/bits-and-blooms/bitset v1.24.2/go.mod h1:7hO7Gc7Pp1vODcmWvKMRA9BNmbv6a/7QIWpPxHddWR8=
github.com/davecgh/go-spew v1.1.2-0.20180830191138-d8f796af33cc h1:U9qPSI2PIWSS1VwoXQT9A3Wy9MM3WgvqSxFWenqJduM=
github.com/davecgh/go-spew v1.1.2-0.20180830191138-d8f796af33cc/go.mod h1:J7Y8YcW2NihsgmVo/mv3lAwl/skON4iLHjSsI+c5H38=
github.com/ethereum/go-ethereum v1.16.7 h1:qeM4TvbrWK0UC0tgkZ7NiRsmBGwsjqc64BHo20U59UQ=
github.com/ethereum/go-ethereum v1.16.7/go.mod h1:Fs6QebQbavneQTYcA39PEKv2+zIjX7rPUZ14DER46wk=
github.com/golang-migrate/migrate/v4 v4.19.1 h1:OCyb44lFuQfYXYLx1SCxPZQGU7mcaZ7gH9yH4jSFbBA=
github.com/golang-migrate/migrate/v4 v4.19.1/go.mod h1:CTcgfjxhaUtsLipnLoQRWCrjYXycRz/g5+RWDuYgPrE=
github.com/google/uuid v1.6.0 h1:NIvaJDMOsjHA8n1jAhLSgzrAzy1Hgr+hNrb57e+94F0=
github.com/google/uuid v1.6.0/go.mod h1:TIyPZe4MgqvfeYDBFedMoGGpEw/LqOeaOT+nhxU+yHo=
github.com/gorilla/mux v1.8.1 h1:TuBL49tXwgrFYWhqrNgrUNEY92u81SPhu7sTdzQEiWY=
github.com/gorilla/mux v1.8.1/go.mod h1:AKf9I4AEqPTmMytcMc0KkNouC66V3BtZ4qD5fmWSiMQ=
github.com/holiman/uint256 v1.3.2 h1:a9EgMPSC1AAaj1SZL5zIQD3WbwTuHrMGOerLjGmM/TA=
github.com/holiman/uint256 v1.3.2/go.mod h1:EOMSn4q6Nyt9P6efbI3bueV4e1b3dGlUCXeiRV4ng7E=
github.com/mattn/go-sqlite3 v1.14.33 h1:A5blZ5ulQo2AtayQ9/limgHEkFreKj1Dv226a1K73s0=
github.com/mattn/go-sqlite3 v1.14.33/go.mod h1:Uh1q+B4BYcTPb+yiD3kU8Ct7aC0hY9fxUwlHK0RXw+Y=
github.com/mschoch/smat v0.2.0 h1:8imxQsjDm8yFEAVBe7azKmKSgzSkZXDuKkSq9374khM=
github.com/mschoch/smat v0.2.0/go.mod h1:kc9mz7DoBKqDyiRL7VZN8KvXQMWeTaVnttLRXOlotKw=
github.com/pmezard/go-difflib v1.0.1-0.20181226105442-5d4384ee4fb2 h1:Jamvg5psRIccs7FGNTlIRMkT8wgtp5eCXdBlqhYGL6U=
github.com/pmezard/go-difflib v1.0.1-0.20181226105442-5d4384ee4fb2/go.mod h1:iKH77koFhYxTK1pcRnkKkqfTogsbg7gZNVY4sRDYZ/4=
github.com/stretchr/testify v1.11.1 h1:7s2iGBzp5EwR7/aIZr8ao5+dra3wiQyKjjFuvgVKu7U=
github.com/stretchr/testify v1.11.1/go.mod h1:wZwfW3scLgRK+23gO65QZefKpKQRnfz6sD981Nm4B6U=
golang.org/x/crypto v0.45.0 h1:jMBrvKuj23MTlT0bQEOBcAE0mjg8mK9RXFhRH6nyF3Q=
golang.org/x/crypto v0.45.0/go.mod h1:XTGrrkGJve7CYK7J8PEww4aY7gM3qMCElcJQ8n8JdX4=
golang.org/x/sys v0.38.0 h1:3yZWxaJjBmCWXqhN1qh02AkOnCQ1poK6oF+a7xWL6Gc=
golang.org/x/sys v0.38.0/go.mod h1:OgkHotnGiDImocRcuBABYBEXf8A9a87e/uXjp9XT3ks=
gopkg.in/yaml.v3 v3.0.1 h1:fxVm/GzAzEWqLHuvctI91KS9hhNmmWOoWu0XTYJS7CA=
gopkg.in/yaml.v3 v3.0.1/go.mod h1:K4uyk7z7BCEPqu6E+C64Yfv1cQ7kz7rIZviUmN+EgEM=
